
Microsoft Visual Studio Solution File, Format Version 12.00
Project("{FAE04EC0-301F-11D3-BF4B-00C04F79EFBC}") = "Task_01", "Task_01\Task_01.csproj", "{733F08E5-580B-4D86-A4E0-14908E4E88EE}"
EndProject
Global
	GlobalSection(SolutionConfigurationPlatforms) = preSolution
		Debug|Any CPU = Debug|Any CPU
		Release|Any CPU = Release|Any CPU
	EndGlobalSection
	GlobalSection(ProjectConfigurationPlatforms) = postSolution
		{733F08E5-580B-4D86-A4E0-14908E4E88EE}.Debug|Any CPU.ActiveCfg = Debug|Any CPU
		{733F08E5-580B-4D86-A4E0-14908E4E88EE}.Debug|Any CPU.Build.0 = Debug|Any CPU
		{733F08E5-580B-4D86-A4E0-14908E4E88EE}.Release|Any CPU.ActiveCfg = Release|Any CPU
		{733F08E5-580B-4D86-A4E0-14908E4E88EE}.Release|Any CPU.Build.0 = Release|Any CPU
	EndGlobalSection
EndGlobal
