
Microsoft Visual Studio Solution File, Format Version 12.00
Project("{FAE04EC0-301F-11D3-BF4B-00C04F79EFBC}") = "Theory_01", "Theory_01\Theory_01.csproj", "{7D204DD3-1A3C-415B-9A70-B55F871AFACF}"
EndProject
Global
	GlobalSection(SolutionConfigurationPlatforms) = preSolution
		Debug|Any CPU = Debug|Any CPU
		Release|Any CPU = Release|Any CPU
	EndGlobalSection
	GlobalSection(ProjectConfigurationPlatforms) = postSolution
		{7D204DD3-1A3C-415B-9A70-B55F871AFACF}.Debug|Any CPU.ActiveCfg = Debug|Any CPU
		{7D204DD3-1A3C-415B-9A70-B55F871AFACF}.Debug|Any CPU.Build.0 = Debug|Any CPU
		{7D204DD3-1A3C-415B-9A70-B55F871AFACF}.Release|Any CPU.ActiveCfg = Release|Any CPU
		{7D204DD3-1A3C-415B-9A70-B55F871AFACF}.Release|Any CPU.Build.0 = Release|Any CPU
	EndGlobalSection
EndGlobal
