
Microsoft Visual Studio Solution File, Format Version 12.00
# Visual Studio Version 16
VisualStudioVersion = 16.0.31624.102
MinimumVisualStudioVersion = 10.0.40219.1
Project("{FAE04EC0-301F-11D3-BF4B-00C04F79EFBC}") = "Test", "Test\Test.csproj", "{EAE6B329-A5D7-4532-A2EE-EF10BE95151D}"
EndProject
Global
	GlobalSection(SolutionConfigurationPlatforms) = preSolution
		Debug|Any CPU = Debug|Any CPU
		Release|Any CPU = Release|Any CPU
	EndGlobalSection
	GlobalSection(ProjectConfigurationPlatforms) = postSolution
		{EAE6B329-A5D7-4532-A2EE-EF10BE95151D}.Debug|Any CPU.ActiveCfg = Debug|Any CPU
		{EAE6B329-A5D7-4532-A2EE-EF10BE95151D}.Debug|Any CPU.Build.0 = Debug|Any CPU
		{EAE6B329-A5D7-4532-A2EE-EF10BE95151D}.Release|Any CPU.ActiveCfg = Release|Any CPU
		{EAE6B329-A5D7-4532-A2EE-EF10BE95151D}.Release|Any CPU.Build.0 = Release|Any CPU
	EndGlobalSection
	GlobalSection(SolutionProperties) = preSolution
		HideSolutionNode = FALSE
	EndGlobalSection
	GlobalSection(ExtensibilityGlobals) = postSolution
		SolutionGuid = {90582141-E11D-46F2-BAE7-64307DE788CE}
	EndGlobalSection
EndGlobal
