
Microsoft Visual Studio Solution File, Format Version 12.00
Project("{FAE04EC0-301F-11D3-BF4B-00C04F79EFBC}") = "Task_06", "Task_06\Task_06.csproj", "{F5B496D7-FB4E-47D6-91F2-58EF7E75D7D7}"
EndProject
Global
	GlobalSection(SolutionConfigurationPlatforms) = preSolution
		Debug|Any CPU = Debug|Any CPU
		Release|Any CPU = Release|Any CPU
	EndGlobalSection
	GlobalSection(ProjectConfigurationPlatforms) = postSolution
		{F5B496D7-FB4E-47D6-91F2-58EF7E75D7D7}.Debug|Any CPU.ActiveCfg = Debug|Any CPU
		{F5B496D7-FB4E-47D6-91F2-58EF7E75D7D7}.Debug|Any CPU.Build.0 = Debug|Any CPU
		{F5B496D7-FB4E-47D6-91F2-58EF7E75D7D7}.Release|Any CPU.ActiveCfg = Release|Any CPU
		{F5B496D7-FB4E-47D6-91F2-58EF7E75D7D7}.Release|Any CPU.Build.0 = Release|Any CPU
	EndGlobalSection
EndGlobal
