
Microsoft Visual Studio Solution File, Format Version 12.00
Project("{FAE04EC0-301F-11D3-BF4B-00C04F79EFBC}") = "Task_04", "Task_04\Task_04.csproj", "{99B4D416-DFCB-4451-B5D4-902DD0ADE336}"
EndProject
Project("{FAE04EC0-301F-11D3-BF4B-00C04F79EFBC}") = "Task_40", "Task_40\Task_40.csproj", "{ECEDDBBB-0098-4587-93A0-1D8E4B8CAB7E}"
EndProject
Global
	GlobalSection(SolutionConfigurationPlatforms) = preSolution
		Debug|Any CPU = Debug|Any CPU
		Release|Any CPU = Release|Any CPU
	EndGlobalSection
	GlobalSection(ProjectConfigurationPlatforms) = postSolution
		{99B4D416-DFCB-4451-B5D4-902DD0ADE336}.Debug|Any CPU.ActiveCfg = Debug|Any CPU
		{99B4D416-DFCB-4451-B5D4-902DD0ADE336}.Debug|Any CPU.Build.0 = Debug|Any CPU
		{99B4D416-DFCB-4451-B5D4-902DD0ADE336}.Release|Any CPU.ActiveCfg = Release|Any CPU
		{99B4D416-DFCB-4451-B5D4-902DD0ADE336}.Release|Any CPU.Build.0 = Release|Any CPU
		{ECEDDBBB-0098-4587-93A0-1D8E4B8CAB7E}.Debug|Any CPU.ActiveCfg = Debug|Any CPU
		{ECEDDBBB-0098-4587-93A0-1D8E4B8CAB7E}.Debug|Any CPU.Build.0 = Debug|Any CPU
		{ECEDDBBB-0098-4587-93A0-1D8E4B8CAB7E}.Release|Any CPU.ActiveCfg = Release|Any CPU
		{ECEDDBBB-0098-4587-93A0-1D8E4B8CAB7E}.Release|Any CPU.Build.0 = Release|Any CPU
	EndGlobalSection
EndGlobal
